
Microsoft Visual Studio Solution File, Format Version 12.00
# Visual Studio Version 17
VisualStudioVersion = 17.8.34525.116
MinimumVisualStudioVersion = 10.0.40219.1
Project("{FAE04EC0-301F-11D3-BF4B-00C04F79EFBC}") = "DSA", "DSA.csproj", "{BA94031C-CC0D-484A-9859-7D272BA7E90A}"
EndProject
Global
	GlobalSection(SolutionConfigurationPlatforms) = preSolution
		Debug|Any CPU = Debug|Any CPU
		Release|Any CPU = Release|Any CPU
	EndGlobalSection
	GlobalSection(ProjectConfigurationPlatforms) = postSolution
		{BA94031C-CC0D-484A-9859-7D272BA7E90A}.Debug|Any CPU.ActiveCfg = Debug|Any CPU
		{BA94031C-CC0D-484A-9859-7D272BA7E90A}.Debug|Any CPU.Build.0 = Debug|Any CPU
		{BA94031C-CC0D-484A-9859-7D272BA7E90A}.Release|Any CPU.ActiveCfg = Release|Any CPU
		{BA94031C-CC0D-484A-9859-7D272BA7E90A}.Release|Any CPU.Build.0 = Release|Any CPU
	EndGlobalSection
	GlobalSection(SolutionProperties) = preSolution
		HideSolutionNode = FALSE
	EndGlobalSection
	GlobalSection(ExtensibilityGlobals) = postSolution
		SolutionGuid = {DFE3BCCD-6D94-44ED-89B6-4617D4FB0B3D}
	EndGlobalSection
EndGlobal
